
Microsoft Visual Studio Solution File, Format Version 12.00
# Visual Studio Version 16
VisualStudioVersion = 16.0.30011.22
MinimumVisualStudioVersion = 10.0.40219.1
Project("{FAE04EC0-301F-11D3-BF4B-00C04F79EFBC}") = "DependencieResolver", "DependencieResolver.csproj", "{DB1614E1-DD5F-4943-8D31-8F5A5BE3945D}"
EndProject
Global
	GlobalSection(SolutionConfigurationPlatforms) = preSolution
		Debug|Any CPU = Debug|Any CPU
		Release|Any CPU = Release|Any CPU
	EndGlobalSection
	GlobalSection(ProjectConfigurationPlatforms) = postSolution
		{DB1614E1-DD5F-4943-8D31-8F5A5BE3945D}.Debug|Any CPU.ActiveCfg = Debug|Any CPU
		{DB1614E1-DD5F-4943-8D31-8F5A5BE3945D}.Debug|Any CPU.Build.0 = Debug|Any CPU
		{DB1614E1-DD5F-4943-8D31-8F5A5BE3945D}.Release|Any CPU.ActiveCfg = Release|Any CPU
		{DB1614E1-DD5F-4943-8D31-8F5A5BE3945D}.Release|Any CPU.Build.0 = Release|Any CPU
	EndGlobalSection
	GlobalSection(SolutionProperties) = preSolution
		HideSolutionNode = FALSE
	EndGlobalSection
	GlobalSection(ExtensibilityGlobals) = postSolution
		SolutionGuid = {E150ECA4-7441-4663-977D-76F417E123AE}
	EndGlobalSection
EndGlobal
